
Microsoft Visual Studio Solution File, Format Version 12.00
# Visual Studio 15
VisualStudioVersion = 15.0.28307.1209
MinimumVisualStudioVersion = 10.0.40219.1
Project("{8BC9CEB8-8B4A-11D0-8D11-00A0C91BC942}") = "Lab1-1", "Lab1-1\Lab1-1.vcxproj", "{93C14831-EF83-49F6-94B8-B445737DD5D2}"
EndProject
Global
	GlobalSection(SolutionConfigurationPlatforms) = preSolution
		Debug|x64 = Debug|x64
		Debug|x86 = Debug|x86
		Release|x64 = Release|x64
		Release|x86 = Release|x86
	EndGlobalSection
	GlobalSection(ProjectConfigurationPlatforms) = postSolution
		{93C14831-EF83-49F6-94B8-B445737DD5D2}.Debug|x64.ActiveCfg = Debug|x64
		{93C14831-EF83-49F6-94B8-B445737DD5D2}.Debug|x64.Build.0 = Debug|x64
		{93C14831-EF83-49F6-94B8-B445737DD5D2}.Debug|x86.ActiveCfg = Debug|Win32
		{93C14831-EF83-49F6-94B8-B445737DD5D2}.Debug|x86.Build.0 = Debug|Win32
		{93C14831-EF83-49F6-94B8-B445737DD5D2}.Release|x64.ActiveCfg = Release|x64
		{93C14831-EF83-49F6-94B8-B445737DD5D2}.Release|x64.Build.0 = Release|x64
		{93C14831-EF83-49F6-94B8-B445737DD5D2}.Release|x86.ActiveCfg = Release|Win32
		{93C14831-EF83-49F6-94B8-B445737DD5D2}.Release|x86.Build.0 = Release|Win32
	EndGlobalSection
	GlobalSection(SolutionProperties) = preSolution
		HideSolutionNode = FALSE
	EndGlobalSection
	GlobalSection(ExtensibilityGlobals) = postSolution
		SolutionGuid = {EEC5C536-3DE2-477A-840D-A6837E016D06}
	EndGlobalSection
EndGlobal
